
Microsoft Visual Studio Solution File, Format Version 12.00
# Visual Studio Version 16
VisualStudioVersion = 16.0.29709.97
MinimumVisualStudioVersion = 10.0.40219.1
Project("{FAE04EC0-301F-11D3-BF4B-00C04F79EFBC}") = "Conditional_Statement", "Conditional_Statement.csproj", "{C7164039-3A5A-4D6F-A187-DC5E934DCDDF}"
EndProject
Global
	GlobalSection(SolutionConfigurationPlatforms) = preSolution
		Debug|Any CPU = Debug|Any CPU
		Release|Any CPU = Release|Any CPU
	EndGlobalSection
	GlobalSection(ProjectConfigurationPlatforms) = postSolution
		{C7164039-3A5A-4D6F-A187-DC5E934DCDDF}.Debug|Any CPU.ActiveCfg = Debug|Any CPU
		{C7164039-3A5A-4D6F-A187-DC5E934DCDDF}.Debug|Any CPU.Build.0 = Debug|Any CPU
		{C7164039-3A5A-4D6F-A187-DC5E934DCDDF}.Release|Any CPU.ActiveCfg = Release|Any CPU
		{C7164039-3A5A-4D6F-A187-DC5E934DCDDF}.Release|Any CPU.Build.0 = Release|Any CPU
	EndGlobalSection
	GlobalSection(SolutionProperties) = preSolution
		HideSolutionNode = FALSE
	EndGlobalSection
	GlobalSection(ExtensibilityGlobals) = postSolution
		SolutionGuid = {10CDCC4C-B25F-4439-8C1A-4FCEB117D12C}
	EndGlobalSection
EndGlobal
